
Microsoft Visual Studio Solution File, Format Version 12.00
# Visual Studio 15
VisualStudioVersion = 15.0.26228.4
MinimumVisualStudioVersion = 10.0.40219.1
Project("{FAE04EC0-301F-11D3-BF4B-00C04F79EFBC}") = "Cake.Alive", "Cake.Alive\Cake.Alive.csproj", "{DFF4437A-C9D4-44FF-9213-A2CE1F10F298}"
EndProject
Project("{FAE04EC0-301F-11D3-BF4B-00C04F79EFBC}") = "Cake.Alive.Tests", "Cake.Alive.Tests\Cake.Alive.Tests.csproj", "{A6908D0F-044B-4128-86ED-AE55AD735029}"
EndProject
Global
	GlobalSection(SolutionConfigurationPlatforms) = preSolution
		Debug|Any CPU = Debug|Any CPU
		Release|Any CPU = Release|Any CPU
	EndGlobalSection
	GlobalSection(ProjectConfigurationPlatforms) = postSolution
		{DFF4437A-C9D4-44FF-9213-A2CE1F10F298}.Debug|Any CPU.ActiveCfg = Debug|Any CPU
		{DFF4437A-C9D4-44FF-9213-A2CE1F10F298}.Debug|Any CPU.Build.0 = Debug|Any CPU
		{DFF4437A-C9D4-44FF-9213-A2CE1F10F298}.Release|Any CPU.ActiveCfg = Release|Any CPU
		{DFF4437A-C9D4-44FF-9213-A2CE1F10F298}.Release|Any CPU.Build.0 = Release|Any CPU
		{A6908D0F-044B-4128-86ED-AE55AD735029}.Debug|Any CPU.ActiveCfg = Debug|Any CPU
		{A6908D0F-044B-4128-86ED-AE55AD735029}.Debug|Any CPU.Build.0 = Debug|Any CPU
		{A6908D0F-044B-4128-86ED-AE55AD735029}.Release|Any CPU.ActiveCfg = Release|Any CPU
		{A6908D0F-044B-4128-86ED-AE55AD735029}.Release|Any CPU.Build.0 = Release|Any CPU
	EndGlobalSection
	GlobalSection(SolutionProperties) = preSolution
		HideSolutionNode = FALSE
	EndGlobalSection
EndGlobal
